// !$*UTF8*$!
{
	archiveVersion = 1;
	classes = {
	};
	objectVersion = 48;
	objects = {

/* Begin PBXBuildFile section */
		1C17714B20468BB100E7CD07 /* AppDelegate.swift in Sources */ = {isa = PBXBuildFile; fileRef = 1C17714A20468BB100E7CD07 /* AppDelegate.swift */; };
		1C17714D20468BB100E7CD07 /* ViewController.swift in Sources */ = {isa = PBXBuildFile; fileRef = 1C17714C20468BB100E7CD07 /* ViewController.swift */; };
		1C17715020468BB100E7CD07 /* Main.storyboard in Resources */ = {isa = PBXBuildFile; fileRef = 1C17714E20468BB100E7CD07 /* Main.storyboard */; };
		1C17715220468BB100E7CD07 /* Assets.xcassets in Resources */ = {isa = PBXBuildFile; fileRef = 1C17715120468BB100E7CD07 /* Assets.xcassets */; };
		1C17715520468BB100E7CD07 /* LaunchScreen.storyboard in Resources */ = {isa = PBXBuildFile; fileRef = 1C17715320468BB100E7CD07 /* LaunchScreen.storyboard */; };
		1C17715D20468CBA00E7CD07 /* black.jpg in Resources */ = {isa = PBXBuildFile; fileRef = 1C17715C20468CBA00E7CD07 /* black.jpg */; };
		1C570A922046C18100D516AA /* CropAndFilterViewController.swift in Sources */ = {isa = PBXBuildFile; fileRef = 1C570A912046C18100D516AA /* CropAndFilterViewController.swift */; };
		1C570A9C204813B700D516AA /* CropViewController.swift in Sources */ = {isa = PBXBuildFile; fileRef = 1C570A9B204813B700D516AA /* CropViewController.swift */; };
		1C570B0620483AAF00D516AA /* CGPointExtension.swift in Sources */ = {isa = PBXBuildFile; fileRef = 1C570AF920483AAE00D516AA /* CGPointExtension.swift */; };
		1C570B0720483AAF00D516AA /* CGSizeExtensions.swift in Sources */ = {isa = PBXBuildFile; fileRef = 1C570AFA20483AAE00D516AA /* CGSizeExtensions.swift */; };
		1C570B0820483AAF00D516AA /* ImageCropperOverlayViewConfigurationEdge.swift in Sources */ = {isa = PBXBuildFile; fileRef = 1C570AFB20483AAE00D516AA /* ImageCropperOverlayViewConfigurationEdge.swift */; };
		1C570B0920483AAF00D516AA /* UIImageExtensions.swift in Sources */ = {isa = PBXBuildFile; fileRef = 1C570AFC20483AAE00D516AA /* UIImageExtensions.swift */; };
		1C570B0A20483AAF00D516AA /* ImageCropperOverlayViewConfigurationCorner.swift in Sources */ = {isa = PBXBuildFile; fileRef = 1C570AFD20483AAE00D516AA /* ImageCropperOverlayViewConfigurationCorner.swift */; };
		1C570B0B20483AAF00D516AA /* ImageCropperScrollView.swift in Sources */ = {isa = PBXBuildFile; fileRef = 1C570AFE20483AAE00D516AA /* ImageCropperScrollView.swift */; };
		1C570B0C20483AAF00D516AA /* CGFloatExtension.swift in Sources */ = {isa = PBXBuildFile; fileRef = 1C570AFF20483AAE00D516AA /* CGFloatExtension.swift */; };
		1C570B0D20483AAF00D516AA /* ImageCropperView.swift in Sources */ = {isa = PBXBuildFile; fileRef = 1C570B0020483AAE00D516AA /* ImageCropperView.swift */; };
		1C570B0E20483AAF00D516AA /* ImageCropperOverlayViewConfigurationGrid.swift in Sources */ = {isa = PBXBuildFile; fileRef = 1C570B0120483AAE00D516AA /* ImageCropperOverlayViewConfigurationGrid.swift */; };
		1C570B0F20483AAF00D516AA /* ImageCropperCropViewConfiguration.swift in Sources */ = {isa = PBXBuildFile; fileRef = 1C570B0220483AAE00D516AA /* ImageCropperCropViewConfiguration.swift */; };
		1C570B1020483AAF00D516AA /* ImageCropperOverlayView.swift in Sources */ = {isa = PBXBuildFile; fileRef = 1C570B0320483AAF00D516AA /* ImageCropperOverlayView.swift */; };
		1C570B1120483AAF00D516AA /* ImageCropperCropViewTouchState.swift in Sources */ = {isa = PBXBuildFile; fileRef = 1C570B0420483AAF00D516AA /* ImageCropperCropViewTouchState.swift */; };
		1C570B1220483AAF00D516AA /* ImageCropperCropViewConfigurationOverlay.swift in Sources */ = {isa = PBXBuildFile; fileRef = 1C570B0520483AAF00D516AA /* ImageCropperCropViewConfigurationOverlay.swift */; };
/* End PBXBuildFile section */

/* Begin PBXFileReference section */
		1C17714720468BB100E7CD07 /* EditProfileImage.app */ = {isa = PBXFileReference; explicitFileType = wrapper.application; includeInIndex = 0; path = EditProfileImage.app; sourceTree = BUILT_PRODUCTS_DIR; };
		1C17714A20468BB100E7CD07 /* AppDelegate.swift */ = {isa = PBXFileReference; lastKnownFileType = sourcecode.swift; path = AppDelegate.swift; sourceTree = "<group>"; };
		1C17714C20468BB100E7CD07 /* ViewController.swift */ = {isa = PBXFileReference; lastKnownFileType = sourcecode.swift; path = ViewController.swift; sourceTree = "<group>"; };
		1C17714F20468BB100E7CD07 /* Base */ = {isa = PBXFileReference; lastKnownFileType = file.storyboard; name = Base; path = Base.lproj/Main.storyboard; sourceTree = "<group>"; };
		1C17715120468BB100E7CD07 /* Assets.xcassets */ = {isa = PBXFileReference; lastKnownFileType = folder.assetcatalog; path = Assets.xcassets; sourceTree = "<group>"; };
		1C17715420468BB100E7CD07 /* Base */ = {isa = PBXFileReference; lastKnownFileType = file.storyboard; name = Base; path = Base.lproj/LaunchScreen.storyboard; sourceTree = "<group>"; };
		1C17715620468BB100E7CD07 /* Info.plist */ = {isa = PBXFileReference; lastKnownFileType = text.plist.xml; path = Info.plist; sourceTree = "<group>"; };
		1C17715C20468CBA00E7CD07 /* black.jpg */ = {isa = PBXFileReference; lastKnownFileType = image.jpeg; path = black.jpg; sourceTree = "<group>"; };
		1C570A912046C18100D516AA /* CropAndFilterViewController.swift */ = {isa = PBXFileReference; lastKnownFileType = sourcecode.swift; path = CropAndFilterViewController.swift; sourceTree = "<group>"; };
		1C570A9B204813B700D516AA /* CropViewController.swift */ = {isa = PBXFileReference; lastKnownFileType = sourcecode.swift; path = CropViewController.swift; sourceTree = "<group>"; };
		1C570AF920483AAE00D516AA /* CGPointExtension.swift */ = {isa = PBXFileReference; fileEncoding = 4; lastKnownFileType = sourcecode.swift; path = CGPointExtension.swift; sourceTree = "<group>"; };
		1C570AFA20483AAE00D516AA /* CGSizeExtensions.swift */ = {isa = PBXFileReference; fileEncoding = 4; lastKnownFileType = sourcecode.swift; path = CGSizeExtensions.swift; sourceTree = "<group>"; };
		1C570AFB20483AAE00D516AA /* ImageCropperOverlayViewConfigurationEdge.swift */ = {isa = PBXFileReference; fileEncoding = 4; lastKnownFileType = sourcecode.swift; path = ImageCropperOverlayViewConfigurationEdge.swift; sourceTree = "<group>"; };
		1C570AFC20483AAE00D516AA /* UIImageExtensions.swift */ = {isa = PBXFileReference; fileEncoding = 4; lastKnownFileType = sourcecode.swift; path = UIImageExtensions.swift; sourceTree = "<group>"; };
		1C570AFD20483AAE00D516AA /* ImageCropperOverlayViewConfigurationCorner.swift */ = {isa = PBXFileReference; fileEncoding = 4; lastKnownFileType = sourcecode.swift; path = ImageCropperOverlayViewConfigurationCorner.swift; sourceTree = "<group>"; };
		1C570AFE20483AAE00D516AA /* ImageCropperScrollView.swift */ = {isa = PBXFileReference; fileEncoding = 4; lastKnownFileType = sourcecode.swift; path = ImageCropperScrollView.swift; sourceTree = "<group>"; };
		1C570AFF20483AAE00D516AA /* CGFloatExtension.swift */ = {isa = PBXFileReference; fileEncoding = 4; lastKnownFileType = sourcecode.swift; path = CGFloatExtension.swift; sourceTree = "<group>"; };
		1C570B0020483AAE00D516AA /* ImageCropperView.swift */ = {isa = PBXFileReference; fileEncoding = 4; lastKnownFileType = sourcecode.swift; path = ImageCropperView.swift; sourceTree = "<group>"; };
		1C570B0120483AAE00D516AA /* ImageCropperOverlayViewConfigurationGrid.swift */ = {isa = PBXFileReference; fileEncoding = 4; lastKnownFileType = sourcecode.swift; path = ImageCropperOverlayViewConfigurationGrid.swift; sourceTree = "<group>"; };
		1C570B0220483AAE00D516AA /* ImageCropperCropViewConfiguration.swift */ = {isa = PBXFileReference; fileEncoding = 4; lastKnownFileType = sourcecode.swift; path = ImageCropperCropViewConfiguration.swift; sourceTree = "<group>"; };
		1C570B0320483AAF00D516AA /* ImageCropperOverlayView.swift */ = {isa = PBXFileReference; fileEncoding = 4; lastKnownFileType = sourcecode.swift; path = ImageCropperOverlayView.swift; sourceTree = "<group>"; };
		1C570B0420483AAF00D516AA /* ImageCropperCropViewTouchState.swift */ = {isa = PBXFileReference; fileEncoding = 4; lastKnownFileType = sourcecode.swift; path = ImageCropperCropViewTouchState.swift; sourceTree = "<group>"; };
		1C570B0520483AAF00D516AA /* ImageCropperCropViewConfigurationOverlay.swift */ = {isa = PBXFileReference; fileEncoding = 4; lastKnownFileType = sourcecode.swift; path = ImageCropperCropViewConfigurationOverlay.swift; sourceTree = "<group>"; };
/* End PBXFileReference section */

/* Begin PBXFrameworksBuildPhase section */
		1C17714420468BB100E7CD07 /* Frameworks */ = {
			isa = PBXFrameworksBuildPhase;
			buildActionMask = 2147483647;
			files = (
			);
			runOnlyForDeploymentPostprocessing = 0;
		};
/* End PBXFrameworksBuildPhase section */

/* Begin PBXGroup section */
		1C17713E20468BB100E7CD07 = {
			isa = PBXGroup;
			children = (
				1C17714920468BB100E7CD07 /* EditProfileImage */,
				1C17714820468BB100E7CD07 /* Products */,
				1C570A9D20481C0100D516AA /* Frameworks */,
			);
			sourceTree = "<group>";
		};
		1C17714820468BB100E7CD07 /* Products */ = {
			isa = PBXGroup;
			children = (
				1C17714720468BB100E7CD07 /* EditProfileImage.app */,
			);
			name = Products;
			sourceTree = "<group>";
		};
		1C17714920468BB100E7CD07 /* EditProfileImage */ = {
			isa = PBXGroup;
			children = (
				1C570B1420483AD300D516AA /* Crop Files */,
				1C17715C20468CBA00E7CD07 /* black.jpg */,
				1C17714A20468BB100E7CD07 /* AppDelegate.swift */,
				1C17714C20468BB100E7CD07 /* ViewController.swift */,
				1C570A912046C18100D516AA /* CropAndFilterViewController.swift */,
				1C570A9B204813B700D516AA /* CropViewController.swift */,
				1C17714E20468BB100E7CD07 /* Main.storyboard */,
				1C17715120468BB100E7CD07 /* Assets.xcassets */,
				1C17715320468BB100E7CD07 /* LaunchScreen.storyboard */,
				1C17715620468BB100E7CD07 /* Info.plist */,
			);
			path = EditProfileImage;
			sourceTree = "<group>";
		};
		1C570A9D20481C0100D516AA /* Frameworks */ = {
			isa = PBXGroup;
			children = (
			);
			name = Frameworks;
			sourceTree = "<group>";
		};
		1C570B1420483AD300D516AA /* Crop Files */ = {
			isa = PBXGroup;
			children = (
				1C570AFF20483AAE00D516AA /* CGFloatExtension.swift */,
				1C570AF920483AAE00D516AA /* CGPointExtension.swift */,
				1C570AFA20483AAE00D516AA /* CGSizeExtensions.swift */,
				1C570AFC20483AAE00D516AA /* UIImageExtensions.swift */,
				1C570B0220483AAE00D516AA /* ImageCropperCropViewConfiguration.swift */,
				1C570B0520483AAF00D516AA /* ImageCropperCropViewConfigurationOverlay.swift */,
				1C570B0420483AAF00D516AA /* ImageCropperCropViewTouchState.swift */,
				1C570B0320483AAF00D516AA /* ImageCropperOverlayView.swift */,
				1C570AFD20483AAE00D516AA /* ImageCropperOverlayViewConfigurationCorner.swift */,
				1C570AFB20483AAE00D516AA /* ImageCropperOverlayViewConfigurationEdge.swift */,
				1C570B0120483AAE00D516AA /* ImageCropperOverlayViewConfigurationGrid.swift */,
				1C570AFE20483AAE00D516AA /* ImageCropperScrollView.swift */,
				1C570B0020483AAE00D516AA /* ImageCropperView.swift */,
			);
			path = "Crop Files";
			sourceTree = "<group>";
		};
/* End PBXGroup section */

/* Begin PBXNativeTarget section */
		1C17714620468BB100E7CD07 /* EditProfileImage */ = {
			isa = PBXNativeTarget;
			buildConfigurationList = 1C17715920468BB100E7CD07 /* Build configuration list for PBXNativeTarget "EditProfileImage" */;
			buildPhases = (
				1C17714320468BB100E7CD07 /* Sources */,
				1C17714420468BB100E7CD07 /* Frameworks */,
				1C17714520468BB100E7CD07 /* Resources */,
			);
			buildRules = (
			);
			dependencies = (
			);
			name = EditProfileImage;
			productName = EditProfileImage;
			productReference = 1C17714720468BB100E7CD07 /* EditProfileImage.app */;
			productType = "com.apple.product-type.application";
		};
/* End PBXNativeTarget section */

/* Begin PBXProject section */
		1C17713F20468BB100E7CD07 /* Project object */ = {
			isa = PBXProject;
			attributes = {
				LastSwiftUpdateCheck = 0920;
				LastUpgradeCheck = 0920;
				ORGANIZATIONNAME = "Iraniya Naynesh";
				TargetAttributes = {
					1C17714620468BB100E7CD07 = {
						CreatedOnToolsVersion = 9.2;
						ProvisioningStyle = Automatic;
					};
				};
			};
			buildConfigurationList = 1C17714220468BB100E7CD07 /* Build configuration list for PBXProject "EditProfileImage" */;
			compatibilityVersion = "Xcode 8.0";
			developmentRegion = en;
			hasScannedForEncodings = 0;
			knownRegions = (
				en,
				Base,
			);
			mainGroup = 1C17713E20468BB100E7CD07;
			productRefGroup = 1C17714820468BB100E7CD07 /* Products */;
			projectDirPath = "";
			projectRoot = "";
			targets = (
				1C17714620468BB100E7CD07 /* EditProfileImage */,
			);
		};
/* End PBXProject section */

/* Begin PBXResourcesBuildPhase section */
		1C17714520468BB100E7CD07 /* Resources */ = {
			isa = PBXResourcesBuildPhase;
			buildActionMask = 2147483647;
			files = (
				1C17715520468BB100E7CD07 /* LaunchScreen.storyboard in Resources */,
				1C17715D20468CBA00E7CD07 /* black.jpg in Resources */,
				1C17715220468BB100E7CD07 /* Assets.xcassets in Resources */,
				1C17715020468BB100E7CD07 /* Main.storyboard in Resources */,
			);
			runOnlyForDeploymentPostprocessing = 0;
		};
/* End PBXResourcesBuildPhase section */

/* Begin PBXSourcesBuildPhase section */
		1C17714320468BB100E7CD07 /* Sources */ = {
			isa = PBXSourcesBuildPhase;
			buildActionMask = 2147483647;
			files = (
				1C570B1120483AAF00D516AA /* ImageCropperCropViewTouchState.swift in Sources */,
				1C17714D20468BB100E7CD07 /* ViewController.swift in Sources */,
				1C570A9C204813B700D516AA /* CropViewController.swift in Sources */,
				1C570B1220483AAF00D516AA /* ImageCropperCropViewConfigurationOverlay.swift in Sources */,
				1C570B0D20483AAF00D516AA /* ImageCropperView.swift in Sources */,
				1C570B0620483AAF00D516AA /* CGPointExtension.swift in Sources */,
				1C570B0B20483AAF00D516AA /* ImageCropperScrollView.swift in Sources */,
				1C570B0920483AAF00D516AA /* UIImageExtensions.swift in Sources */,
				1C570B0820483AAF00D516AA /* ImageCropperOverlayViewConfigurationEdge.swift in Sources */,
				1C17714B20468BB100E7CD07 /* AppDelegate.swift in Sources */,
				1C570B0720483AAF00D516AA /* CGSizeExtensions.swift in Sources */,
				1C570A922046C18100D516AA /* CropAndFilterViewController.swift in Sources */,
				1C570B1020483AAF00D516AA /* ImageCropperOverlayView.swift in Sources */,
				1C570B0A20483AAF00D516AA /* ImageCropperOverlayViewConfigurationCorner.swift in Sources */,
				1C570B0F20483AAF00D516AA /* ImageCropperCropViewConfiguration.swift in Sources */,
				1C570B0E20483AAF00D516AA /* ImageCropperOverlayViewConfigurationGrid.swift in Sources */,
				1C570B0C20483AAF00D516AA /* CGFloatExtension.swift in Sources */,
			);
			runOnlyForDeploymentPostprocessing = 0;
		};
/* End PBXSourcesBuildPhase section */

/* Begin PBXVariantGroup section */
		1C17714E20468BB100E7CD07 /* Main.storyboard */ = {
			isa = PBXVariantGroup;
			children = (
				1C17714F20468BB100E7CD07 /* Base */,
			);
			name = Main.storyboard;
			sourceTree = "<group>";
		};
		1C17715320468BB100E7CD07 /* LaunchScreen.storyboard */ = {
			isa = PBXVariantGroup;
			children = (
				1C17715420468BB100E7CD07 /* Base */,
			);
			name = LaunchScreen.storyboard;
			sourceTree = "<group>";
		};
/* End PBXVariantGroup section */

/* Begin XCBuildConfiguration section */
		1C17715720468BB100E7CD07 /* Debug */ = {
			isa = XCBuildConfiguration;
			buildSettings = {
				ALWAYS_SEARCH_USER_PATHS = NO;
				CLANG_ANALYZER_NONNULL = YES;
				CLANG_ANALYZER_NUMBER_OBJECT_CONVERSION = YES_AGGRESSIVE;
				CLANG_CXX_LANGUAGE_STANDARD = "gnu++14";
				CLANG_CXX_LIBRARY = "libc++";
				CLANG_ENABLE_MODULES = YES;
				CLANG_ENABLE_OBJC_ARC = YES;
				CLANG_WARN_BLOCK_CAPTURE_AUTORELEASING = YES;
				CLANG_WARN_BOOL_CONVERSION = YES;
				CLANG_WARN_COMMA = YES;
				CLANG_WARN_CONSTANT_CONVERSION = YES;
				CLANG_WARN_DIRECT_OBJC_ISA_USAGE = YES_ERROR;
				CLANG_WARN_DOCUMENTATION_COMMENTS = YES;
				CLANG_WARN_EMPTY_BODY = YES;
				CLANG_WARN_ENUM_CONVERSION = YES;
				CLANG_WARN_INFINITE_RECURSION = YES;
				CLANG_WARN_INT_CONVERSION = YES;
				CLANG_WARN_NON_LITERAL_NULL_CONVERSION = YES;
				CLANG_WARN_OBJC_LITERAL_CONVERSION = YES;
				CLANG_WARN_OBJC_ROOT_CLASS = YES_ERROR;
				CLANG_WARN_RANGE_LOOP_ANALYSIS = YES;
				CLANG_WARN_STRICT_PROTOTYPES = YES;
				CLANG_WARN_SUSPICIOUS_MOVE = YES;
				CLANG_WARN_UNGUARDED_AVAILABILITY = YES_AGGRESSIVE;
				CLANG_WARN_UNREACHABLE_CODE = YES;
				CLANG_WARN__DUPLICATE_METHOD_MATCH = YES;
				CODE_SIGN_IDENTITY = "iPhone Developer";
				COPY_PHASE_STRIP = NO;
				DEBUG_INFORMATION_FORMAT = dwarf;
				ENABLE_STRICT_OBJC_MSGSEND = YES;
				ENABLE_TESTABILITY = YES;
				GCC_C_LANGUAGE_STANDARD = gnu11;
				GCC_DYNAMIC_NO_PIC = NO;
				GCC_NO_COMMON_BLOCKS = YES;
				GCC_OPTIMIZATION_LEVEL = 0;
				GCC_PREPROCESSOR_DEFINITIONS = (
					"DEBUG=1",
					"$(inherited)",
				);
				GCC_WARN_64_TO_32_BIT_CONVERSION = YES;
				GCC_WARN_ABOUT_RETURN_TYPE = YES_ERROR;
				GCC_WARN_UNDECLARED_SELECTOR = YES;
				GCC_WARN_UNINITIALIZED_AUTOS = YES_AGGRESSIVE;
				GCC_WARN_UNUSED_FUNCTION = YES;
				GCC_WARN_UNUSED_VARIABLE = YES;
				IPHONEOS_DEPLOYMENT_TARGET = 11.2;
				MTL_ENABLE_DEBUG_INFO = YES;
				ONLY_ACTIVE_ARCH = YES;
				SDKROOT = iphoneos;
				SWIFT_ACTIVE_COMPILATION_CONDITIONS = DEBUG;
				SWIFT_OPTIMIZATION_LEVEL = "-Onone";
			};
			name = Debug;
		};
		1C17715820468BB100E7CD07 /* Release */ = {
			isa = XCBuildConfiguration;
			buildSettings = {
				ALWAYS_SEARCH_USER_PATHS = NO;
				CLANG_ANALYZER_NONNULL = YES;
				CLANG_ANALYZER_NUMBER_OBJECT_CONVERSION = YES_AGGRESSIVE;
				CLANG_CXX_LANGUAGE_STANDARD = "gnu++14";
				CLANG_CXX_LIBRARY = "libc++";
				CLANG_ENABLE_MODULES = YES;
				CLANG_ENABLE_OBJC_ARC = YES;
				CLANG_WARN_BLOCK_CAPTURE_AUTORELEASING = YES;
				CLANG_WARN_BOOL_CONVERSION = YES;
				CLANG_WARN_COMMA = YES;
				CLANG_WARN_CONSTANT_CONVERSION = YES;
				CLANG_WARN_DIRECT_OBJC_ISA_USAGE = YES_ERROR;
				CLANG_WARN_DOCUMENTATION_COMMENTS = YES;
				CLANG_WARN_EMPTY_BODY = YES;
				CLANG_WARN_ENUM_CONVERSION = YES;
				CLANG_WARN_INFINITE_RECURSION = YES;
				CLANG_WARN_INT_CONVERSION = YES;
				CLANG_WARN_NON_LITERAL_NULL_CONVERSION = YES;
				CLANG_WARN_OBJC_LITERAL_CONVERSION = YES;
				CLANG_WARN_OBJC_ROOT_CLASS = YES_ERROR;
				CLANG_WARN_RANGE_LOOP_ANALYSIS = YES;
				CLANG_WARN_STRICT_PROTOTYPES = YES;
				CLANG_WARN_SUSPICIOUS_MOVE = YES;
				CLANG_WARN_UNGUARDED_AVAILABILITY = YES_AGGRESSIVE;
				CLANG_WARN_UNREACHABLE_CODE = YES;
				CLANG_WARN__DUPLICATE_METHOD_MATCH = YES;
				CODE_SIGN_IDENTITY = "iPhone Developer";
				COPY_PHASE_STRIP = NO;
				DEBUG_INFORMATION_FORMAT = "dwarf-with-dsym";
				ENABLE_NS_ASSERTIONS = NO;
				ENABLE_STRICT_OBJC_MSGSEND = YES;
				GCC_C_LANGUAGE_STANDARD = gnu11;
				GCC_NO_COMMON_BLOCKS = YES;
				GCC_WARN_64_TO_32_BIT_CONVERSION = YES;
				GCC_WARN_ABOUT_RETURN_TYPE = YES_ERROR;
				GCC_WARN_UNDECLARED_SELECTOR = YES;
				GCC_WARN_UNINITIALIZED_AUTOS = YES_AGGRESSIVE;
				GCC_WARN_UNUSED_FUNCTION = YES;
				GCC_WARN_UNUSED_VARIABLE = YES;
				IPHONEOS_DEPLOYMENT_TARGET = 11.2;
				MTL_ENABLE_DEBUG_INFO = NO;
				SDKROOT = iphoneos;
				SWIFT_OPTIMIZATION_LEVEL = "-Owholemodule";
				VALIDATE_PRODUCT = YES;
			};
			name = Release;
		};
		1C17715A20468BB100E7CD07 /* Debug */ = {
			isa = XCBuildConfiguration;
			buildSettings = {
				ASSETCATALOG_COMPILER_APPICON_NAME = AppIcon;
				CODE_SIGN_STYLE = Automatic;
				DEVELOPMENT_TEAM = 66Q99FC7X2;
				INFOPLIST_FILE = EditProfileImage/Info.plist;
				IPHONEOS_DEPLOYMENT_TARGET = 10.3;
				LD_RUNPATH_SEARCH_PATHS = "$(inherited) @executable_path/Frameworks";
				PRODUCT_BUNDLE_IDENTIFIER = com.iraniya.EditProfileImage;
				PRODUCT_NAME = "$(TARGET_NAME)";
				SWIFT_VERSION = 4.0;
				TARGETED_DEVICE_FAMILY = "1,2";
			};
			name = Debug;
		};
		1C17715B20468BB100E7CD07 /* Release */ = {
			isa = XCBuildConfiguration;
			buildSettings = {
				ASSETCATALOG_COMPILER_APPICON_NAME = AppIcon;
				CODE_SIGN_STYLE = Automatic;
				DEVELOPMENT_TEAM = 66Q99FC7X2;
				INFOPLIST_FILE = EditProfileImage/Info.plist;
				IPHONEOS_DEPLOYMENT_TARGET = 10.3;
				LD_RUNPATH_SEARCH_PATHS = "$(inherited) @executable_path/Frameworks";
				PRODUCT_BUNDLE_IDENTIFIER = com.iraniya.EditProfileImage;
				PRODUCT_NAME = "$(TARGET_NAME)";
				SWIFT_VERSION = 4.0;
				TARGETED_DEVICE_FAMILY = "1,2";
			};
			name = Release;
		};
/* End XCBuildConfiguration section */

/* Begin XCConfigurationList section */
		1C17714220468BB100E7CD07 /* Build configuration list for PBXProject "EditProfileImage" */ = {
			isa = XCConfigurationList;
			buildConfigurations = (
				1C17715720468BB100E7CD07 /* Debug */,
				1C17715820468BB100E7CD07 /* Release */,
			);
			defaultConfigurationIsVisible = 0;
			defaultConfigurationName = Release;
		};
		1C17715920468BB100E7CD07 /* Build configuration list for PBXNativeTarget "EditProfileImage" */ = {
			isa = XCConfigurationList;
			buildConfigurations = (
				1C17715A20468BB100E7CD07 /* Debug */,
				1C17715B20468BB100E7CD07 /* Release */,
			);
			defaultConfigurationIsVisible = 0;
			defaultConfigurationName = Release;
		};
/* End XCConfigurationList section */
	};
	rootObject = 1C17713F20468BB100E7CD07 /* Project object */;
}
